
Microsoft Visual Studio Solution File, Format Version 12.00
# Visual Studio Version 16
VisualStudioVersion = 16.0.29728.190
MinimumVisualStudioVersion = 10.0.40219.1
Project("{FAE04EC0-301F-11D3-BF4B-00C04F79EFBC}") = "ToolKeToanConvertWindowsForms", "ToolKeToanConvertWindowsForms.csproj", "{F87B77A2-72BF-4063-8E75-50BB6CFDC1C0}"
EndProject
Project("{FAE04EC0-301F-11D3-BF4B-00C04F79EFBC}") = "KeToanDTO", "..\KeToanDTO\KeToanDTO.csproj", "{85B4F995-5382-4639-9FC7-46DBC753364D}"
EndProject
Project("{FAE04EC0-301F-11D3-BF4B-00C04F79EFBC}") = "KeToanBusinessLogic", "..\KeToanBusinessLogic\KeToanBusinessLogic.csproj", "{F99107E0-FB3B-4DE8-A833-5E5BA5F394C6}"
EndProject
Global
	GlobalSection(SolutionConfigurationPlatforms) = preSolution
		Debug|Any CPU = Debug|Any CPU
		Release|Any CPU = Release|Any CPU
	EndGlobalSection
	GlobalSection(ProjectConfigurationPlatforms) = postSolution
		{F87B77A2-72BF-4063-8E75-50BB6CFDC1C0}.Debug|Any CPU.ActiveCfg = Debug|Any CPU
		{F87B77A2-72BF-4063-8E75-50BB6CFDC1C0}.Debug|Any CPU.Build.0 = Debug|Any CPU
		{F87B77A2-72BF-4063-8E75-50BB6CFDC1C0}.Release|Any CPU.ActiveCfg = Release|Any CPU
		{F87B77A2-72BF-4063-8E75-50BB6CFDC1C0}.Release|Any CPU.Build.0 = Release|Any CPU
		{85B4F995-5382-4639-9FC7-46DBC753364D}.Debug|Any CPU.ActiveCfg = Debug|Any CPU
		{85B4F995-5382-4639-9FC7-46DBC753364D}.Debug|Any CPU.Build.0 = Debug|Any CPU
		{85B4F995-5382-4639-9FC7-46DBC753364D}.Release|Any CPU.ActiveCfg = Release|Any CPU
		{85B4F995-5382-4639-9FC7-46DBC753364D}.Release|Any CPU.Build.0 = Release|Any CPU
		{F99107E0-FB3B-4DE8-A833-5E5BA5F394C6}.Debug|Any CPU.ActiveCfg = Debug|Any CPU
		{F99107E0-FB3B-4DE8-A833-5E5BA5F394C6}.Debug|Any CPU.Build.0 = Debug|Any CPU
		{F99107E0-FB3B-4DE8-A833-5E5BA5F394C6}.Release|Any CPU.ActiveCfg = Release|Any CPU
		{F99107E0-FB3B-4DE8-A833-5E5BA5F394C6}.Release|Any CPU.Build.0 = Release|Any CPU
	EndGlobalSection
	GlobalSection(SolutionProperties) = preSolution
		HideSolutionNode = FALSE
	EndGlobalSection
	GlobalSection(ExtensibilityGlobals) = postSolution
		SolutionGuid = {099901F2-21E2-4252-A132-0E59128F959C}
	EndGlobalSection
EndGlobal
